
Microsoft Visual Studio Solution File, Format Version 12.00
# Visual Studio Version 16
VisualStudioVersion = 16.0.30907.101
MinimumVisualStudioVersion = 10.0.40219.1
Project("{FAE04EC0-301F-11D3-BF4B-00C04F79EFBC}") = "Dal", "Dal\Dal.csproj", "{4DB209C6-A186-4112-84AD-88F01244BEF0}"
EndProject
Project("{FAE04EC0-301F-11D3-BF4B-00C04F79EFBC}") = "BL", "BL\BL.csproj", "{8A1D1922-CA07-423A-8DA4-6C6EC64BC42F}"
EndProject
Project("{FAE04EC0-301F-11D3-BF4B-00C04F79EFBC}") = "DTO", "DTO\DTO.csproj", "{C1BD6551-1325-4A40-BF4E-8E269A2E3896}"
EndProject
Project("{FAE04EC0-301F-11D3-BF4B-00C04F79EFBC}") = "WebApi2", "WebApi2\WebApi2.csproj", "{7EA1C395-3F93-45E1-86CB-965373CB05AF}"
EndProject
Global
	GlobalSection(SolutionConfigurationPlatforms) = preSolution
		Debug|Any CPU = Debug|Any CPU
		HomeElki|Any CPU = HomeElki|Any CPU
		HomeYehudit|Any CPU = HomeYehudit|Any CPU
		Release|Any CPU = Release|Any CPU
		School|Any CPU = School|Any CPU
	EndGlobalSection
	GlobalSection(ProjectConfigurationPlatforms) = postSolution
		{4DB209C6-A186-4112-84AD-88F01244BEF0}.Debug|Any CPU.ActiveCfg = Debug|Any CPU
		{4DB209C6-A186-4112-84AD-88F01244BEF0}.Debug|Any CPU.Build.0 = Debug|Any CPU
		{4DB209C6-A186-4112-84AD-88F01244BEF0}.HomeElki|Any CPU.ActiveCfg = HomeElki|Any CPU
		{4DB209C6-A186-4112-84AD-88F01244BEF0}.HomeElki|Any CPU.Build.0 = HomeElki|Any CPU
		{4DB209C6-A186-4112-84AD-88F01244BEF0}.HomeYehudit|Any CPU.ActiveCfg = HomeYehudit|Any CPU
		{4DB209C6-A186-4112-84AD-88F01244BEF0}.HomeYehudit|Any CPU.Build.0 = HomeYehudit|Any CPU
		{4DB209C6-A186-4112-84AD-88F01244BEF0}.Release|Any CPU.ActiveCfg = Release|Any CPU
		{4DB209C6-A186-4112-84AD-88F01244BEF0}.Release|Any CPU.Build.0 = Release|Any CPU
		{4DB209C6-A186-4112-84AD-88F01244BEF0}.School|Any CPU.ActiveCfg = School|Any CPU
		{4DB209C6-A186-4112-84AD-88F01244BEF0}.School|Any CPU.Build.0 = School|Any CPU
		{8A1D1922-CA07-423A-8DA4-6C6EC64BC42F}.Debug|Any CPU.ActiveCfg = Debug|Any CPU
		{8A1D1922-CA07-423A-8DA4-6C6EC64BC42F}.Debug|Any CPU.Build.0 = Debug|Any CPU
		{8A1D1922-CA07-423A-8DA4-6C6EC64BC42F}.HomeElki|Any CPU.ActiveCfg = HomeElki|Any CPU
		{8A1D1922-CA07-423A-8DA4-6C6EC64BC42F}.HomeElki|Any CPU.Build.0 = HomeElki|Any CPU
		{8A1D1922-CA07-423A-8DA4-6C6EC64BC42F}.HomeYehudit|Any CPU.ActiveCfg = HomeYehudit|Any CPU
		{8A1D1922-CA07-423A-8DA4-6C6EC64BC42F}.HomeYehudit|Any CPU.Build.0 = HomeYehudit|Any CPU
		{8A1D1922-CA07-423A-8DA4-6C6EC64BC42F}.Release|Any CPU.ActiveCfg = Release|Any CPU
		{8A1D1922-CA07-423A-8DA4-6C6EC64BC42F}.Release|Any CPU.Build.0 = Release|Any CPU
		{8A1D1922-CA07-423A-8DA4-6C6EC64BC42F}.School|Any CPU.ActiveCfg = School|Any CPU
		{8A1D1922-CA07-423A-8DA4-6C6EC64BC42F}.School|Any CPU.Build.0 = School|Any CPU
		{C1BD6551-1325-4A40-BF4E-8E269A2E3896}.Debug|Any CPU.ActiveCfg = Debug|Any CPU
		{C1BD6551-1325-4A40-BF4E-8E269A2E3896}.Debug|Any CPU.Build.0 = Debug|Any CPU
		{C1BD6551-1325-4A40-BF4E-8E269A2E3896}.HomeElki|Any CPU.ActiveCfg = HomeElki|Any CPU
		{C1BD6551-1325-4A40-BF4E-8E269A2E3896}.HomeElki|Any CPU.Build.0 = HomeElki|Any CPU
		{C1BD6551-1325-4A40-BF4E-8E269A2E3896}.HomeYehudit|Any CPU.ActiveCfg = HomeYehudit|Any CPU
		{C1BD6551-1325-4A40-BF4E-8E269A2E3896}.HomeYehudit|Any CPU.Build.0 = HomeYehudit|Any CPU
		{C1BD6551-1325-4A40-BF4E-8E269A2E3896}.Release|Any CPU.ActiveCfg = Release|Any CPU
		{C1BD6551-1325-4A40-BF4E-8E269A2E3896}.Release|Any CPU.Build.0 = Release|Any CPU
		{C1BD6551-1325-4A40-BF4E-8E269A2E3896}.School|Any CPU.ActiveCfg = School|Any CPU
		{C1BD6551-1325-4A40-BF4E-8E269A2E3896}.School|Any CPU.Build.0 = School|Any CPU
		{7EA1C395-3F93-45E1-86CB-965373CB05AF}.Debug|Any CPU.ActiveCfg = Debug|Any CPU
		{7EA1C395-3F93-45E1-86CB-965373CB05AF}.Debug|Any CPU.Build.0 = Debug|Any CPU
		{7EA1C395-3F93-45E1-86CB-965373CB05AF}.HomeElki|Any CPU.ActiveCfg = HomeElki|Any CPU
		{7EA1C395-3F93-45E1-86CB-965373CB05AF}.HomeElki|Any CPU.Build.0 = HomeElki|Any CPU
		{7EA1C395-3F93-45E1-86CB-965373CB05AF}.HomeYehudit|Any CPU.ActiveCfg = HomeYehudit|Any CPU
		{7EA1C395-3F93-45E1-86CB-965373CB05AF}.HomeYehudit|Any CPU.Build.0 = HomeYehudit|Any CPU
		{7EA1C395-3F93-45E1-86CB-965373CB05AF}.Release|Any CPU.ActiveCfg = Release|Any CPU
		{7EA1C395-3F93-45E1-86CB-965373CB05AF}.Release|Any CPU.Build.0 = Release|Any CPU
		{7EA1C395-3F93-45E1-86CB-965373CB05AF}.School|Any CPU.ActiveCfg = School|Any CPU
		{7EA1C395-3F93-45E1-86CB-965373CB05AF}.School|Any CPU.Build.0 = School|Any CPU
	EndGlobalSection
	GlobalSection(SolutionProperties) = preSolution
		HideSolutionNode = FALSE
	EndGlobalSection
	GlobalSection(ExtensibilityGlobals) = postSolution
		SolutionGuid = {05466C54-ACE0-49C3-A315-95292F5B4EFB}
	EndGlobalSection
EndGlobal
